Microsoft Visual Studio Solution File, Format Version 12.00
# Visual Studio Version 17
VisualStudioVersion = 17.9.34310.174
MinimumVisualStudioVersion = 10.0.40219.1
Project("{FAE04EC0-301F-11D3-BF4B-00C04F79EFBC}") = "AspireRedis.AppHost", "AspireRedis.AppHost\AspireRedis.AppHost.csproj", "{B16C802D-A4B8-4271-A8A4-6CAF01C7C142}"
EndProject
Project("{9A19103F-16F7-4668-BE54-9A1E7A4F7556}") = "AspireRedis.ServiceDefaults", "AspireRedis.ServiceDefaults\AspireRedis.ServiceDefaults.csproj", "{12B84F05-EA74-4F66-8729-BC68882DF3B6}"
EndProject
Project("{9A19103F-16F7-4668-BE54-9A1E7A4F7556}") = "AspireRedis.ApiService", "AspireRedis.ApiService\AspireRedis.ApiService.csproj", "{DD94C10E-8BF7-46E2-BE65-B0B8C03AAB8A}"
EndProject
Project("{9A19103F-16F7-4668-BE54-9A1E7A4F7556}") = "AspireRedis.Web", "AspireRedis.Web\AspireRedis.Web.csproj", "{43780845-44FE-42CB-B609-8387662F349D}"
EndProject
Global
	GlobalSection(SolutionConfigurationPlatforms) = preSolution
		Debug|Any CPU = Debug|Any CPU
		Release|Any CPU = Release|Any CPU
	EndGlobalSection
	GlobalSection(ProjectConfigurationPlatforms) = postSolution
		{B16C802D-A4B8-4271-A8A4-6CAF01C7C142}.Debug|Any CPU.ActiveCfg = Debug|Any CPU
		{B16C802D-A4B8-4271-A8A4-6CAF01C7C142}.Debug|Any CPU.Build.0 = Debug|Any CPU
		{B16C802D-A4B8-4271-A8A4-6CAF01C7C142}.Release|Any CPU.ActiveCfg = Release|Any CPU
		{B16C802D-A4B8-4271-A8A4-6CAF01C7C142}.Release|Any CPU.Build.0 = Release|Any CPU
		{12B84F05-EA74-4F66-8729-BC68882DF3B6}.Debug|Any CPU.ActiveCfg = Debug|Any CPU
		{12B84F05-EA74-4F66-8729-BC68882DF3B6}.Debug|Any CPU.Build.0 = Debug|Any CPU
		{12B84F05-EA74-4F66-8729-BC68882DF3B6}.Release|Any CPU.ActiveCfg = Release|Any CPU
		{12B84F05-EA74-4F66-8729-BC68882DF3B6}.Release|Any CPU.Build.0 = Release|Any CPU
		{DD94C10E-8BF7-46E2-BE65-B0B8C03AAB8A}.Debug|Any CPU.ActiveCfg = Debug|Any CPU
		{DD94C10E-8BF7-46E2-BE65-B0B8C03AAB8A}.Debug|Any CPU.Build.0 = Debug|Any CPU
		{DD94C10E-8BF7-46E2-BE65-B0B8C03AAB8A}.Release|Any CPU.ActiveCfg = Release|Any CPU
		{DD94C10E-8BF7-46E2-BE65-B0B8C03AAB8A}.Release|Any CPU.Build.0 = Release|Any CPU
		{43780845-44FE-42CB-B609-8387662F349D}.Debug|Any CPU.ActiveCfg = Debug|Any CPU
		{43780845-44FE-42CB-B609-8387662F349D}.Debug|Any CPU.Build.0 = Debug|Any CPU
		{43780845-44FE-42CB-B609-8387662F349D}.Release|Any CPU.ActiveCfg = Release|Any CPU
		{43780845-44FE-42CB-B609-8387662F349D}.Release|Any CPU.Build.0 = Release|Any CPU
	EndGlobalSection
	GlobalSection(SolutionProperties) = preSolution
		HideSolutionNode = FALSE
	EndGlobalSection
	GlobalSection(ExtensibilityGlobals) = postSolution
		SolutionGuid = {8612F258-602C-4B84-9505-519900F30856}
	EndGlobalSection
EndGlobal
